
Microsoft Visual Studio Solution File, Format Version 12.00
# Visual Studio Version 17
VisualStudioVersion = 17.7.34031.279
MinimumVisualStudioVersion = 10.0.40219.1
Project("{FAE04EC0-301F-11D3-BF4B-00C04F79EFBC}") = "2D_Graphics", "2D_Graphics\2D_Graphics.csproj", "{20ED6976-0B65-428F-83AA-DF6FC7C51F9B}"
EndProject
Global
	GlobalSection(SolutionConfigurationPlatforms) = preSolution
		Debug|Any CPU = Debug|Any CPU
		Release|Any CPU = Release|Any CPU
	EndGlobalSection
	GlobalSection(ProjectConfigurationPlatforms) = postSolution
		{20ED6976-0B65-428F-83AA-DF6FC7C51F9B}.Debug|Any CPU.ActiveCfg = Debug|Any CPU
		{20ED6976-0B65-428F-83AA-DF6FC7C51F9B}.Debug|Any CPU.Build.0 = Debug|Any CPU
		{20ED6976-0B65-428F-83AA-DF6FC7C51F9B}.Release|Any CPU.ActiveCfg = Release|Any CPU
		{20ED6976-0B65-428F-83AA-DF6FC7C51F9B}.Release|Any CPU.Build.0 = Release|Any CPU
	EndGlobalSection
	GlobalSection(SolutionProperties) = preSolution
		HideSolutionNode = FALSE
	EndGlobalSection
	GlobalSection(ExtensibilityGlobals) = postSolution
		SolutionGuid = {FC829148-4C40-4868-BF22-E352BC99B283}
	EndGlobalSection
EndGlobal
